
Microsoft Visual Studio Solution File, Format Version 12.00
Project("{FAE04EC0-301F-11D3-BF4B-00C04F79EFBC}") = "FluentWebRoutes", "src/FluentWebRoutes\FluentWebRoutes.csproj", "{A56187D4-D08D-40A5-BA1F-F51E9360985F}"
EndProject
Project("{2150E333-8FDC-42A3-9474-1A3956D46DE8}") = "src", "src", "{631A3297-0B04-4552-9CCE-B2CCEBEF49CE}"
EndProject
Project("{2150E333-8FDC-42A3-9474-1A3956D46DE8}") = "tests", "tests", "{173B63FA-27FC-4C40-917B-1EE536C838A1}"
EndProject
Project("{FAE04EC0-301F-11D3-BF4B-00C04F79EFBC}") = "FluentWebRoutes.SourceGenerator", "src\FluentWebRoutes.SourceGenerator\FluentWebRoutes.SourceGenerator.csproj", "{60D7D90B-F357-477C-B1A9-640F311326DF}"
EndProject
Project("{FAE04EC0-301F-11D3-BF4B-00C04F79EFBC}") = "FluentWebRoutes.SourceGenerator.Sample", "src\FluentWebRoutes.SourceGenerator.Sample\FluentWebRoutes.SourceGenerator.Sample.csproj", "{FA9DACEF-773A-4C8D-8424-B850439527E9}"
EndProject
Global
	GlobalSection(SolutionConfigurationPlatforms) = preSolution
		Debug|Any CPU = Debug|Any CPU
		Release|Any CPU = Release|Any CPU
	EndGlobalSection
	GlobalSection(ProjectConfigurationPlatforms) = postSolution
		{A56187D4-D08D-40A5-BA1F-F51E9360985F}.Debug|Any CPU.ActiveCfg = Debug|Any CPU
		{A56187D4-D08D-40A5-BA1F-F51E9360985F}.Debug|Any CPU.Build.0 = Debug|Any CPU
		{A56187D4-D08D-40A5-BA1F-F51E9360985F}.Release|Any CPU.ActiveCfg = Release|Any CPU
		{A56187D4-D08D-40A5-BA1F-F51E9360985F}.Release|Any CPU.Build.0 = Release|Any CPU
		{60D7D90B-F357-477C-B1A9-640F311326DF}.Debug|Any CPU.ActiveCfg = Debug|Any CPU
		{60D7D90B-F357-477C-B1A9-640F311326DF}.Debug|Any CPU.Build.0 = Debug|Any CPU
		{60D7D90B-F357-477C-B1A9-640F311326DF}.Release|Any CPU.ActiveCfg = Release|Any CPU
		{60D7D90B-F357-477C-B1A9-640F311326DF}.Release|Any CPU.Build.0 = Release|Any CPU
		{FA9DACEF-773A-4C8D-8424-B850439527E9}.Debug|Any CPU.ActiveCfg = Debug|Any CPU
		{FA9DACEF-773A-4C8D-8424-B850439527E9}.Debug|Any CPU.Build.0 = Debug|Any CPU
		{FA9DACEF-773A-4C8D-8424-B850439527E9}.Release|Any CPU.ActiveCfg = Release|Any CPU
		{FA9DACEF-773A-4C8D-8424-B850439527E9}.Release|Any CPU.Build.0 = Release|Any CPU
	EndGlobalSection
	GlobalSection(NestedProjects) = preSolution
		{A56187D4-D08D-40A5-BA1F-F51E9360985F} = {631A3297-0B04-4552-9CCE-B2CCEBEF49CE}
		{60D7D90B-F357-477C-B1A9-640F311326DF} = {631A3297-0B04-4552-9CCE-B2CCEBEF49CE}
		{FA9DACEF-773A-4C8D-8424-B850439527E9} = {631A3297-0B04-4552-9CCE-B2CCEBEF49CE}
	EndGlobalSection
EndGlobal
